
Microsoft Visual Studio Solution File, Format Version 12.00
# Visual Studio Version 17
VisualStudioVersion = 17.6.33717.318
MinimumVisualStudioVersion = 10.0.40219.1
Project("{FAE04EC0-301F-11D3-BF4B-00C04F79EFBC}") = "ConsoleApp2", "ConsoleApp2\ConsoleApp2.csproj", "{A054B9AA-B729-4441-9998-037B55D9F41E}"
EndProject
Global
	GlobalSection(SolutionConfigurationPlatforms) = preSolution
		Debug|Any CPU = Debug|Any CPU
		Release|Any CPU = Release|Any CPU
	EndGlobalSection
	GlobalSection(ProjectConfigurationPlatforms) = postSolution
		{A054B9AA-B729-4441-9998-037B55D9F41E}.Debug|Any CPU.ActiveCfg = Debug|Any CPU
		{A054B9AA-B729-4441-9998-037B55D9F41E}.Debug|Any CPU.Build.0 = Debug|Any CPU
		{A054B9AA-B729-4441-9998-037B55D9F41E}.Release|Any CPU.ActiveCfg = Release|Any CPU
		{A054B9AA-B729-4441-9998-037B55D9F41E}.Release|Any CPU.Build.0 = Release|Any CPU
	EndGlobalSection
	GlobalSection(SolutionProperties) = preSolution
		HideSolutionNode = FALSE
	EndGlobalSection
	GlobalSection(ExtensibilityGlobals) = postSolution
		SolutionGuid = {B4687986-5170-4374-BD0B-E27FD727F20C}
	EndGlobalSection
EndGlobal
